
Microsoft Visual Studio Solution File, Format Version 12.00
# Visual Studio Version 17
VisualStudioVersion = 17.3.32804.467
MinimumVisualStudioVersion = 10.0.40219.1
Project("{FAE04EC0-301F-11D3-BF4B-00C04F79EFBC}") = "first_program", "first_program\first_program.csproj", "{39718A9F-E285-4124-A88B-B3567D6234D7}"
EndProject
Global
	GlobalSection(SolutionConfigurationPlatforms) = preSolution
		Debug|Any CPU = Debug|Any CPU
		Release|Any CPU = Release|Any CPU
	EndGlobalSection
	GlobalSection(ProjectConfigurationPlatforms) = postSolution
		{39718A9F-E285-4124-A88B-B3567D6234D7}.Debug|Any CPU.ActiveCfg = Debug|Any CPU
		{39718A9F-E285-4124-A88B-B3567D6234D7}.Debug|Any CPU.Build.0 = Debug|Any CPU
		{39718A9F-E285-4124-A88B-B3567D6234D7}.Release|Any CPU.ActiveCfg = Release|Any CPU
		{39718A9F-E285-4124-A88B-B3567D6234D7}.Release|Any CPU.Build.0 = Release|Any CPU
	EndGlobalSection
	GlobalSection(SolutionProperties) = preSolution
		HideSolutionNode = FALSE
	EndGlobalSection
	GlobalSection(ExtensibilityGlobals) = postSolution
		SolutionGuid = {47662AE2-B36F-49DF-BD02-AC84B9D4A6F9}
	EndGlobalSection
EndGlobal
